%{
  "libgraph": {:hex, :libgraph, "0.16.0", "3936f3eca6ef826e08880230f806bfea13193e49bf153f93edcf0239d4fd1d07", [:mix], [], "hexpm", "41ca92240e8a4138c30a7e06466acc709b0cbb795c643e9e17174a178982d6bf"},
  "uniq": {:hex, :uniq, "0.5.3", "d9d54dac49fa4bb4b7fff0dd050281a8ded507813396de0507196347ecf53be1", [:mix], [{:ecto, "~> 3.0", [hex: :ecto, repo: "hexpm", optional: true]}], "hexpm", "6961e04cb62227f9f5fae3d8e26eede990826b885ba6e2f33973222cc856f2fb"},
}
